
Microsoft Visual Studio Solution File, Format Version 12.00
# Visual Studio 2013
VisualStudioVersion = 12.0.21005.1
MinimumVisualStudioVersion = 10.0.40219.1
Project("{8BC9CEB8-8B4A-11D0-8D11-00A0C91BC942}") = "StackTimer", "utilities\StackTimer.vcxproj", "{9E25F857-A329-402D-975C-51642F2DDBF0}"
EndProject
Project("{8BC9CEB8-8B4A-11D0-8D11-00A0C91BC942}") = "cl_amp_blackscholes", "cl_amp_blackscholes\cl_amp_blackscholes.vcxproj", "{CF9ECDF7-45B6-4D21-AC5E-057F8AEDD6E6}"
	ProjectSection(ProjectDependencies) = postProject
		{9E25F857-A329-402D-975C-51642F2DDBF0} = {9E25F857-A329-402D-975C-51642F2DDBF0}
	EndProjectSection
EndProject
Global
	GlobalSection(SolutionConfigurationPlatforms) = preSolution
		CPPAMP_Debug|Win32 = CPPAMP_Debug|Win32
		CPPAMP_Debug|x64 = CPPAMP_Debug|x64
		CPPAMP_Release|Win32 = CPPAMP_Release|Win32
		CPPAMP_Release|x64 = CPPAMP_Release|x64
		OpenCL_Debug|Win32 = OpenCL_Debug|Win32
		OpenCL_Debug|x64 = OpenCL_Debug|x64
		OpenCL_Release|Win32 = OpenCL_Release|Win32
		OpenCL_Release|x64 = OpenCL_Release|x64
	EndGlobalSection
	GlobalSection(ProjectConfigurationPlatforms) = postSolution
		{9E25F857-A329-402D-975C-51642F2DDBF0}.CPPAMP_Debug|Win32.ActiveCfg = Debug|Win32
		{9E25F857-A329-402D-975C-51642F2DDBF0}.CPPAMP_Debug|Win32.Build.0 = Debug|Win32
		{9E25F857-A329-402D-975C-51642F2DDBF0}.CPPAMP_Debug|x64.ActiveCfg = Debug|x64
		{9E25F857-A329-402D-975C-51642F2DDBF0}.CPPAMP_Debug|x64.Build.0 = Debug|x64
		{9E25F857-A329-402D-975C-51642F2DDBF0}.CPPAMP_Release|Win32.ActiveCfg = Release|Win32
		{9E25F857-A329-402D-975C-51642F2DDBF0}.CPPAMP_Release|Win32.Build.0 = Release|Win32
		{9E25F857-A329-402D-975C-51642F2DDBF0}.CPPAMP_Release|x64.ActiveCfg = Release|x64
		{9E25F857-A329-402D-975C-51642F2DDBF0}.CPPAMP_Release|x64.Build.0 = Release|x64
		{9E25F857-A329-402D-975C-51642F2DDBF0}.OpenCL_Debug|Win32.ActiveCfg = Debug|Win32
		{9E25F857-A329-402D-975C-51642F2DDBF0}.OpenCL_Debug|Win32.Build.0 = Debug|Win32
		{9E25F857-A329-402D-975C-51642F2DDBF0}.OpenCL_Debug|x64.ActiveCfg = Debug|x64
		{9E25F857-A329-402D-975C-51642F2DDBF0}.OpenCL_Debug|x64.Build.0 = Debug|x64
		{9E25F857-A329-402D-975C-51642F2DDBF0}.OpenCL_Release|Win32.ActiveCfg = Release|Win32
		{9E25F857-A329-402D-975C-51642F2DDBF0}.OpenCL_Release|Win32.Build.0 = Release|Win32
		{9E25F857-A329-402D-975C-51642F2DDBF0}.OpenCL_Release|x64.ActiveCfg = Release|x64
		{9E25F857-A329-402D-975C-51642F2DDBF0}.OpenCL_Release|x64.Build.0 = Release|x64
		{CF9ECDF7-45B6-4D21-AC5E-057F8AEDD6E6}.CPPAMP_Debug|Win32.ActiveCfg = CPPAMP_Debug|Win32
		{CF9ECDF7-45B6-4D21-AC5E-057F8AEDD6E6}.CPPAMP_Debug|Win32.Build.0 = CPPAMP_Debug|Win32
		{CF9ECDF7-45B6-4D21-AC5E-057F8AEDD6E6}.CPPAMP_Debug|x64.ActiveCfg = CPPAMP_Debug|x64
		{CF9ECDF7-45B6-4D21-AC5E-057F8AEDD6E6}.CPPAMP_Debug|x64.Build.0 = CPPAMP_Debug|x64
		{CF9ECDF7-45B6-4D21-AC5E-057F8AEDD6E6}.CPPAMP_Release|Win32.ActiveCfg = CPPAMP_Release|Win32
		{CF9ECDF7-45B6-4D21-AC5E-057F8AEDD6E6}.CPPAMP_Release|Win32.Build.0 = CPPAMP_Release|Win32
		{CF9ECDF7-45B6-4D21-AC5E-057F8AEDD6E6}.CPPAMP_Release|x64.ActiveCfg = CPPAMP_Release|x64
		{CF9ECDF7-45B6-4D21-AC5E-057F8AEDD6E6}.CPPAMP_Release|x64.Build.0 = CPPAMP_Release|x64
		{CF9ECDF7-45B6-4D21-AC5E-057F8AEDD6E6}.OpenCL_Debug|Win32.ActiveCfg = OpenCL_Debug|Win32
		{CF9ECDF7-45B6-4D21-AC5E-057F8AEDD6E6}.OpenCL_Debug|Win32.Build.0 = OpenCL_Debug|Win32
		{CF9ECDF7-45B6-4D21-AC5E-057F8AEDD6E6}.OpenCL_Debug|x64.ActiveCfg = OpenCL_Debug|x64
		{CF9ECDF7-45B6-4D21-AC5E-057F8AEDD6E6}.OpenCL_Debug|x64.Build.0 = OpenCL_Debug|x64
		{CF9ECDF7-45B6-4D21-AC5E-057F8AEDD6E6}.OpenCL_Release|Win32.ActiveCfg = OpenCL_Release|Win32
		{CF9ECDF7-45B6-4D21-AC5E-057F8AEDD6E6}.OpenCL_Release|Win32.Build.0 = OpenCL_Release|Win32
		{CF9ECDF7-45B6-4D21-AC5E-057F8AEDD6E6}.OpenCL_Release|x64.ActiveCfg = OpenCL_Release|x64
		{CF9ECDF7-45B6-4D21-AC5E-057F8AEDD6E6}.OpenCL_Release|x64.Build.0 = OpenCL_Release|x64
	EndGlobalSection
	GlobalSection(SolutionProperties) = preSolution
		HideSolutionNode = FALSE
	EndGlobalSection
EndGlobal
